
Microsoft Visual Studio Solution File, Format Version 12.00
# Visual Studio Version 17
VisualStudioVersion = 17.2.32616.157
MinimumVisualStudioVersion = 10.0.40219.1
Project("{FAE04EC0-301F-11D3-BF4B-00C04F79EFBC}") = "WebApplication12", "WebApplication12\WebApplication12.csproj", "{C37534D0-E8E1-4A24-979D-18B1FB287BD2}"
EndProject
Global
	GlobalSection(SolutionConfigurationPlatforms) = preSolution
		Debug|Any CPU = Debug|Any CPU
		Release|Any CPU = Release|Any CPU
	EndGlobalSection
	GlobalSection(ProjectConfigurationPlatforms) = postSolution
		{C37534D0-E8E1-4A24-979D-18B1FB287BD2}.Debug|Any CPU.ActiveCfg = Debug|Any CPU
		{C37534D0-E8E1-4A24-979D-18B1FB287BD2}.Debug|Any CPU.Build.0 = Debug|Any CPU
		{C37534D0-E8E1-4A24-979D-18B1FB287BD2}.Release|Any CPU.ActiveCfg = Release|Any CPU
		{C37534D0-E8E1-4A24-979D-18B1FB287BD2}.Release|Any CPU.Build.0 = Release|Any CPU
	EndGlobalSection
	GlobalSection(SolutionProperties) = preSolution
		HideSolutionNode = FALSE
	EndGlobalSection
	GlobalSection(ExtensibilityGlobals) = postSolution
		SolutionGuid = {2BAD48C8-4C4F-4827-AA01-43E83302198A}
	EndGlobalSection
EndGlobal
